lockfileVersion: '9.0'

settings:
  autoInstallPeers: true
  excludeLinksFromLockfile: false

importers:

  .:
    dependencies:
      commander:
        specifier: ^12.1.0
        version: 12.1.0
      dotenv:
        specifier: ^16.4.5
        version: 16.4.5
      ini:
        specifier: ^5.0.0
        version: 5.0.0
      lodash:
        specifier: ^4.17.21
        version: 4.17.21
      zod:
        specifier: ^3.23.8
        version: 3.23.8
    devDependencies:
      '@types/ini':
        specifier: ^4.1.1
        version: 4.1.1
      '@types/lodash':
        specifier: ^4.17.12
        version: 4.17.12
      '@types/node':
        specifier: ^20.0.0
        version: 20.17.1
      typescript:
        specifier: ^5.0.0
        version: 5.6.3

packages:

  '@types/ini@4.1.1':
    resolution: {integrity: sha512-MIyNUZipBTbyUNnhvuXJTY7B6qNI78meck9Jbv3wk0OgNwRyOOVEKDutAkOs1snB/tx0FafyR6/SN4Ps0hZPeg==}

  '@types/lodash@4.17.12':
    resolution: {integrity: sha512-sviUmCE8AYdaF/KIHLDJBQgeYzPBI0vf/17NaYehBJfYD1j6/L95Slh07NlyK2iNyBNaEkb3En2jRt+a8y3xZQ==}

  '@types/node@20.17.1':
    resolution: {integrity: sha512-j2VlPv1NnwPJbaCNv69FO/1z4lId0QmGvpT41YxitRtWlg96g/j8qcv2RKsLKe2F6OJgyXhupN1Xo17b2m139Q==}

  commander@12.1.0:
    resolution: {integrity: sha512-Vw8qHK3bZM9y/P10u3Vib8o/DdkvA2OtPtZvD871QKjy74Wj1WSKFILMPRPSdUSx5RFK1arlJzEtA4PkFgnbuA==}
    engines: {node: '>=18'}

  dotenv@16.4.5:
    resolution: {integrity: sha512-ZmdL2rui+eB2YwhsWzjInR8LldtZHGDoQ1ugH85ppHKwpUHL7j7rN0Ti9NCnGiQbhaZ11FpR+7ao1dNsmduNUg==}
    engines: {node: '>=12'}

  ini@5.0.0:
    resolution: {integrity: sha512-+N0ngpO3e7cRUWOJAS7qw0IZIVc6XPrW4MlFBdD066F2L4k1L6ker3hLqSq7iXxU5tgS4WGkIUElWn5vogAEnw==}
    engines: {node: ^18.17.0 || >=20.5.0}

  lodash@4.17.21:
    resolution: {integrity: sha512-v2kDEe57lecTulaDIuNTPy3Ry4gLGJ6Z1O3vE1krgXZNrsQ+LFTGHVxVjcXPs17LhbZVGedAJv8XZ1tvj5FvSg==}

  typescript@5.6.3:
    resolution: {integrity: sha512-hjcS1mhfuyi4WW8IWtjP7brDrG2cuDZukyrYrSauoXGNgx0S7zceP07adYkJycEr56BOUTNPzbInooiN3fn1qw==}
    engines: {node: '>=14.17'}
    hasBin: true

  undici-types@6.19.8:
    resolution: {integrity: sha512-ve2KP6f/JnbPBFyobGHuerC9g1FYGn/F8n1LWTwNxCEzd6IfqTwUQcNXgEtmmQ6DlRrC1hrSrBnCZPokRrDHjw==}

  zod@3.23.8:
    resolution: {integrity: sha512-XBx9AXhXktjUqnepgTiE5flcKIYWi/rme0Eaj+5Y0lftuGBq+jyRu/md4WnuxqgP1ubdpNCsYEYPxrzVHD8d6g==}

snapshots:

  '@types/ini@4.1.1': {}

  '@types/lodash@4.17.12': {}

  '@types/node@20.17.1':
    dependencies:
      undici-types: 6.19.8

  commander@12.1.0: {}

  dotenv@16.4.5: {}

  ini@5.0.0: {}

  lodash@4.17.21: {}

  typescript@5.6.3: {}

  undici-types@6.19.8: {}

  zod@3.23.8: {}
